// !$*UTF8*$!
{
	archiveVersion = 1;
	classes = {
	};
	objectVersion = 46;
	objects = {

/* Begin PBXBuildFile section */
		FE1F53CB1A51754B001925D1 /* SDCityWeatherData.m in Sources */ = {isa = PBXBuildFile; fileRef = FE1F53CA1A51754B001925D1 /* SDCityWeatherData.m */; };
		FECC6B921A547123003B6EB3 /* rootViewController.m in Sources */ = {isa = PBXBuildFile; fileRef = FECC6B911A547123003B6EB3 /* rootViewController.m */; };
		FECC6B941A55CE8B003B6EB3 /* toolbar_find.png in Resources */ = {isa = PBXBuildFile; fileRef = FECC6B931A55CE8B003B6EB3 /* toolbar_find.png */; };
		FECC6B961A57383E003B6EB3 /* dublin-bridge2.jpg in Resources */ = {isa = PBXBuildFile; fileRef = FECC6B951A57383E003B6EB3 /* dublin-bridge2.jpg */; };
		FECC6B981A5739EC003B6EB3 /* dublin-rain.jpeg in Resources */ = {isa = PBXBuildFile; fileRef = FECC6B971A5739EC003B6EB3 /* dublin-rain.jpeg */; };
		FECC6B9A1A573B98003B6EB3 /* brown-blue-clouds.jpeg in Resources */ = {isa = PBXBuildFile; fileRef = FECC6B991A573B98003B6EB3 /* brown-blue-clouds.jpeg */; };
		FECEADA21A40313400510884 /* main.m in Sources */ = {isa = PBXBuildFile; fileRef = FECEADA11A40313400510884 /* main.m */; };
		FECEADA51A40313400510884 /* AppDelegate.m in Sources */ = {isa = PBXBuildFile; fileRef = FECEADA41A40313400510884 /* AppDelegate.m */; };
		FECEADA81A40313400510884 /* ViewController.m in Sources */ = {isa = PBXBuildFile; fileRef = FECEADA71A40313400510884 /* ViewController.m */; };
		FECEADAB1A40313500510884 /* Main.storyboard in Resources */ = {isa = PBXBuildFile; fileRef = FECEADA91A40313500510884 /* Main.storyboard */; };
		FECEADAD1A40313500510884 /* Images.xcassets in Resources */ = {isa = PBXBuildFile; fileRef = FECEADAC1A40313500510884 /* Images.xcassets */; };
		FECEADB01A40313500510884 /* LaunchScreen.xib in Resources */ = {isa = PBXBuildFile; fileRef = FECEADAE1A40313500510884 /* LaunchScreen.xib */; };
		FECEADBC1A40313500510884 /* SDFiveDayForecastTests.m in Sources */ = {isa = PBXBuildFile; fileRef = FECEADBB1A40313500510884 /* SDFiveDayForecastTests.m */; };
		FECEADD91A40352C00510884 /* AFHTTPRequestOperation.m in Sources */ = {isa = PBXBuildFile; fileRef = FECEADC71A40352C00510884 /* AFHTTPRequestOperation.m */; };
		FECEADDA1A40352C00510884 /* AFHTTPRequestOperationManager.m in Sources */ = {isa = PBXBuildFile; fileRef = FECEADC91A40352C00510884 /* AFHTTPRequestOperationManager.m */; };
		FECEADDB1A40352C00510884 /* AFHTTPSessionManager.m in Sources */ = {isa = PBXBuildFile; fileRef = FECEADCB1A40352C00510884 /* AFHTTPSessionManager.m */; };
		FECEADDC1A40352C00510884 /* AFNetworkReachabilityManager.m in Sources */ = {isa = PBXBuildFile; fileRef = FECEADCE1A40352C00510884 /* AFNetworkReachabilityManager.m */; };
		FECEADDD1A40352C00510884 /* AFSecurityPolicy.m in Sources */ = {isa = PBXBuildFile; fileRef = FECEADD01A40352C00510884 /* AFSecurityPolicy.m */; };
		FECEADDE1A40352C00510884 /* AFURLConnectionOperation.m in Sources */ = {isa = PBXBuildFile; fileRef = FECEADD21A40352C00510884 /* AFURLConnectionOperation.m */; };
		FECEADDF1A40352C00510884 /* AFURLRequestSerialization.m in Sources */ = {isa = PBXBuildFile; fileRef = FECEADD41A40352C00510884 /* AFURLRequestSerialization.m */; };
		FECEADE01A40352C00510884 /* AFURLResponseSerialization.m in Sources */ = {isa = PBXBuildFile; fileRef = FECEADD61A40352C00510884 /* AFURLResponseSerialization.m */; };
		FECEADE11A40352C00510884 /* AFURLSessionManager.m in Sources */ = {isa = PBXBuildFile; fileRef = FECEADD81A40352C00510884 /* AFURLSessionManager.m */; };
		FECEADE41A40392700510884 /* DayForecastTableViewCell.m in Sources */ = {isa = PBXBuildFile; fileRef = FECEADE31A40392700510884 /* DayForecastTableViewCell.m */; };
		FECEAE181A40D32D00510884 /* clouds.png in Resources */ = {isa = PBXBuildFile; fileRef = FECEAE171A40D32C00510884 /* clouds.png */; };
/* End PBXBuildFile section */

/* Begin PBXContainerItemProxy section */
		FECEADB61A40313500510884 /* PBXContainerItemProxy */ = {
			isa = PBXContainerItemProxy;
			containerPortal = FECEAD941A40313400510884 /* Project object */;
			proxyType = 1;
			remoteGlobalIDString = FECEAD9B1A40313400510884;
			remoteInfo = SDFiveDayForecast;
		};
/* End PBXContainerItemProxy section */

/* Begin PBXFileReference section */
		FE1F53C91A51754A001925D1 /* SDCityWeatherData.h */ = {isa = PBXFileReference; fileEncoding = 4; lastKnownFileType = sourcecode.c.h; path = SDCityWeatherData.h; sourceTree = "<group>"; };
		FE1F53CA1A51754B001925D1 /* SDCityWeatherData.m */ = {isa = PBXFileReference; fileEncoding = 4; lastKnownFileType = sourcecode.c.objc; path = SDCityWeatherData.m; sourceTree = "<group>"; };
		FECC6B901A547123003B6EB3 /* rootViewController.h */ = {isa = PBXFileReference; fileEncoding = 4; lastKnownFileType = sourcecode.c.h; path = rootViewController.h; sourceTree = "<group>"; };
		FECC6B911A547123003B6EB3 /* rootViewController.m */ = {isa = PBXFileReference; fileEncoding = 4; lastKnownFileType = sourcecode.c.objc; path = rootViewController.m; sourceTree = "<group>"; };
		FECC6B931A55CE8B003B6EB3 /* toolbar_find.png */ = {isa = PBXFileReference; lastKnownFileType = image.png; path = toolbar_find.png; sourceTree = "<group>"; };
		FECC6B951A57383E003B6EB3 /* dublin-bridge2.jpg */ = {isa = PBXFileReference; lastKnownFileType = image.jpeg; path = "dublin-bridge2.jpg"; sourceTree = "<group>"; };
		FECC6B971A5739EC003B6EB3 /* dublin-rain.jpeg */ = {isa = PBXFileReference; lastKnownFileType = image.jpeg; path = "dublin-rain.jpeg"; sourceTree = "<group>"; };
		FECC6B991A573B98003B6EB3 /* brown-blue-clouds.jpeg */ = {isa = PBXFileReference; lastKnownFileType = image.jpeg; path = "brown-blue-clouds.jpeg"; sourceTree = "<group>"; };
		FECEAD9C1A40313400510884 /* SDFiveDayForecast.app */ = {isa = PBXFileReference; explicitFileType = wrapper.application; includeInIndex = 0; path = SDFiveDayForecast.app; sourceTree = BUILT_PRODUCTS_DIR; };
		FECEADA01A40313400510884 /* Info.plist */ = {isa = PBXFileReference; lastKnownFileType = text.plist.xml; path = Info.plist; sourceTree = "<group>"; };
		FECEADA11A40313400510884 /* main.m */ = {isa = PBXFileReference; lastKnownFileType = sourcecode.c.objc; path = main.m; sourceTree = "<group>"; };
		FECEADA31A40313400510884 /* AppDelegate.h */ = {isa = PBXFileReference; lastKnownFileType = sourcecode.c.h; path = AppDelegate.h; sourceTree = "<group>"; };
		FECEADA41A40313400510884 /* AppDelegate.m */ = {isa = PBXFileReference; lastKnownFileType = sourcecode.c.objc; path = AppDelegate.m; sourceTree = "<group>"; };
		FECEADA61A40313400510884 /* ViewController.h */ = {isa = PBXFileReference; lastKnownFileType = sourcecode.c.h; path = ViewController.h; sourceTree = "<group>"; };
		FECEADA71A40313400510884 /* ViewController.m */ = {isa = PBXFileReference; lastKnownFileType = sourcecode.c.objc; path = ViewController.m; sourceTree = "<group>"; };
		FECEADAA1A40313500510884 /* Base */ = {isa = PBXFileReference; lastKnownFileType = file.storyboard; name = Base; path = Base.lproj/Main.storyboard; sourceTree = "<group>"; };
		FECEADAC1A40313500510884 /* Images.xcassets */ = {isa = PBXFileReference; lastKnownFileType = folder.assetcatalog; path = Images.xcassets; sourceTree = "<group>"; };
		FECEADAF1A40313500510884 /* Base */ = {isa = PBXFileReference; lastKnownFileType = file.xib; name = Base; path = Base.lproj/LaunchScreen.xib; sourceTree = "<group>"; };
		FECEADB51A40313500510884 /* SDFiveDayForecastTests.xctest */ = {isa = PBXFileReference; explicitFileType = wrapper.cfbundle; includeInIndex = 0; path = SDFiveDayForecastTests.xctest; sourceTree = BUILT_PRODUCTS_DIR; };
		FECEADBA1A40313500510884 /* Info.plist */ = {isa = PBXFileReference; lastKnownFileType = text.plist.xml; path = Info.plist; sourceTree = "<group>"; };
		FECEADBB1A40313500510884 /* SDFiveDayForecastTests.m */ = {isa = PBXFileReference; lastKnownFileType = sourcecode.c.objc; path = SDFiveDayForecastTests.m; sourceTree = "<group>"; };
		FECEADC61A40352C00510884 /* AFHTTPRequestOperation.h */ = {isa = PBXFileReference; fileEncoding = 4; lastKnownFileType = sourcecode.c.h; path = AFHTTPRequestOperation.h; sourceTree = "<group>"; };
		FECEADC71A40352C00510884 /* AFHTTPRequestOperation.m */ = {isa = PBXFileReference; fileEncoding = 4; lastKnownFileType = sourcecode.c.objc; path = AFHTTPRequestOperation.m; sourceTree = "<group>"; };
		FECEADC81A40352C00510884 /* AFHTTPRequestOperationManager.h */ = {isa = PBXFileReference; fileEncoding = 4; lastKnownFileType = sourcecode.c.h; path = AFHTTPRequestOperationManager.h; sourceTree = "<group>"; };
		FECEADC91A40352C00510884 /* AFHTTPRequestOperationManager.m */ = {isa = PBXFileReference; fileEncoding = 4; lastKnownFileType = sourcecode.c.objc; path = AFHTTPRequestOperationManager.m; sourceTree = "<group>"; };
		FECEADCA1A40352C00510884 /* AFHTTPSessionManager.h */ = {isa = PBXFileReference; fileEncoding = 4; lastKnownFileType = sourcecode.c.h; path = AFHTTPSessionManager.h; sourceTree = "<group>"; };
		FECEADCB1A40352C00510884 /* AFHTTPSessionManager.m */ = {isa = PBXFileReference; fileEncoding = 4; lastKnownFileType = sourcecode.c.objc; path = AFHTTPSessionManager.m; sourceTree = "<group>"; };
		FECEADCC1A40352C00510884 /* AFNetworking.h */ = {isa = PBXFileReference; fileEncoding = 4; lastKnownFileType = sourcecode.c.h; path = AFNetworking.h; sourceTree = "<group>"; };
		FECEADCD1A40352C00510884 /* AFNetworkReachabilityManager.h */ = {isa = PBXFileReference; fileEncoding = 4; lastKnownFileType = sourcecode.c.h; path = AFNetworkReachabilityManager.h; sourceTree = "<group>"; };
		FECEADCE1A40352C00510884 /* AFNetworkReachabilityManager.m */ = {isa = PBXFileReference; fileEncoding = 4; lastKnownFileType = sourcecode.c.objc; path = AFNetworkReachabilityManager.m; sourceTree = "<group>"; };
		FECEADCF1A40352C00510884 /* AFSecurityPolicy.h */ = {isa = PBXFileReference; fileEncoding = 4; lastKnownFileType = sourcecode.c.h; path = AFSecurityPolicy.h; sourceTree = "<group>"; };
		FECEADD01A40352C00510884 /* AFSecurityPolicy.m */ = {isa = PBXFileReference; fileEncoding = 4; lastKnownFileType = sourcecode.c.objc; path = AFSecurityPolicy.m; sourceTree = "<group>"; };
		FECEADD11A40352C00510884 /* AFURLConnectionOperation.h */ = {isa = PBXFileReference; fileEncoding = 4; lastKnownFileType = sourcecode.c.h; path = AFURLConnectionOperation.h; sourceTree = "<group>"; };
		FECEADD21A40352C00510884 /* AFURLConnectionOperation.m */ = {isa = PBXFileReference; fileEncoding = 4; lastKnownFileType = sourcecode.c.objc; path = AFURLConnectionOperation.m; sourceTree = "<group>"; };
		FECEADD31A40352C00510884 /* AFURLRequestSerialization.h */ = {isa = PBXFileReference; fileEncoding = 4; lastKnownFileType = sourcecode.c.h; path = AFURLRequestSerialization.h; sourceTree = "<group>"; };
		FECEADD41A40352C00510884 /* AFURLRequestSerialization.m */ = {isa = PBXFileReference; fileEncoding = 4; lastKnownFileType = sourcecode.c.objc; path = AFURLRequestSerialization.m; sourceTree = "<group>"; };
		FECEADD51A40352C00510884 /* AFURLResponseSerialization.h */ = {isa = PBXFileReference; fileEncoding = 4; lastKnownFileType = sourcecode.c.h; path = AFURLResponseSerialization.h; sourceTree = "<group>"; };
		FECEADD61A40352C00510884 /* AFURLResponseSerialization.m */ = {isa = PBXFileReference; fileEncoding = 4; lastKnownFileType = sourcecode.c.objc; path = AFURLResponseSerialization.m; sourceTree = "<group>"; };
		FECEADD71A40352C00510884 /* AFURLSessionManager.h */ = {isa = PBXFileReference; fileEncoding = 4; lastKnownFileType = sourcecode.c.h; path = AFURLSessionManager.h; sourceTree = "<group>"; };
		FECEADD81A40352C00510884 /* AFURLSessionManager.m */ = {isa = PBXFileReference; fileEncoding = 4; lastKnownFileType = sourcecode.c.objc; path = AFURLSessionManager.m; sourceTree = "<group>"; };
		FECEADE21A40392700510884 /* DayForecastTableViewCell.h */ = {isa = PBXFileReference; fileEncoding = 4; lastKnownFileType = sourcecode.c.h; path = DayForecastTableViewCell.h; sourceTree = "<group>"; };
		FECEADE31A40392700510884 /* DayForecastTableViewCell.m */ = {isa = PBXFileReference; fileEncoding = 4; lastKnownFileType = sourcecode.c.objc; path = DayForecastTableViewCell.m; sourceTree = "<group>"; };
		FECEAE171A40D32C00510884 /* clouds.png */ = {isa = PBXFileReference; lastKnownFileType = image.png; path = clouds.png; sourceTree = "<group>"; };
/* End PBXFileReference section */

/* Begin PBXFrameworksBuildPhase section */
		FECEAD991A40313400510884 /* Frameworks */ = {
			isa = PBXFrameworksBuildPhase;
			buildActionMask = 2147483647;
			files = (
			);
			runOnlyForDeploymentPostprocessing = 0;
		};
		FECEADB21A40313500510884 /* Frameworks */ = {
			isa = PBXFrameworksBuildPhase;
			buildActionMask = 2147483647;
			files = (
			);
			runOnlyForDeploymentPostprocessing = 0;
		};
/* End PBXFrameworksBuildPhase section */

/* Begin PBXGroup section */
		FECEAD931A40313400510884 = {
			isa = PBXGroup;
			children = (
				FECEAD9E1A40313400510884 /* SDFiveDayForecast */,
				FECEADB81A40313500510884 /* SDFiveDayForecastTests */,
				FECEAD9D1A40313400510884 /* Products */,
			);
			sourceTree = "<group>";
		};
		FECEAD9D1A40313400510884 /* Products */ = {
			isa = PBXGroup;
			children = (
				FECEAD9C1A40313400510884 /* SDFiveDayForecast.app */,
				FECEADB51A40313500510884 /* SDFiveDayForecastTests.xctest */,
			);
			name = Products;
			sourceTree = "<group>";
		};
		FECEAD9E1A40313400510884 /* SDFiveDayForecast */ = {
			isa = PBXGroup;
			children = (
				FECEAE171A40D32C00510884 /* clouds.png */,
				FECC6B951A57383E003B6EB3 /* dublin-bridge2.jpg */,
				FECC6B991A573B98003B6EB3 /* brown-blue-clouds.jpeg */,
				FECC6B971A5739EC003B6EB3 /* dublin-rain.jpeg */,
				FECC6B931A55CE8B003B6EB3 /* toolbar_find.png */,
				FECEADC51A40352C00510884 /* AFNetworking */,
				FECEADA31A40313400510884 /* AppDelegate.h */,
				FECEADA41A40313400510884 /* AppDelegate.m */,
				FECEADA61A40313400510884 /* ViewController.h */,
				FECEADA71A40313400510884 /* ViewController.m */,
				FECEADA91A40313500510884 /* Main.storyboard */,
				FECEADAC1A40313500510884 /* Images.xcassets */,
				FECEADAE1A40313500510884 /* LaunchScreen.xib */,
				FECEAD9F1A40313400510884 /* Supporting Files */,
				FECEADE21A40392700510884 /* DayForecastTableViewCell.h */,
				FECEADE31A40392700510884 /* DayForecastTableViewCell.m */,
				FE1F53C91A51754A001925D1 /* SDCityWeatherData.h */,
				FE1F53CA1A51754B001925D1 /* SDCityWeatherData.m */,
				FECC6B901A547123003B6EB3 /* rootViewController.h */,
				FECC6B911A547123003B6EB3 /* rootViewController.m */,
			);
			path = SDFiveDayForecast;
			sourceTree = "<group>";
		};
		FECEAD9F1A40313400510884 /* Supporting Files */ = {
			isa = PBXGroup;
			children = (
				FECEADA01A40313400510884 /* Info.plist */,
				FECEADA11A40313400510884 /* main.m */,
			);
			name = "Supporting Files";
			sourceTree = "<group>";
		};
		FECEADB81A40313500510884 /* SDFiveDayForecastTests */ = {
			isa = PBXGroup;
			children = (
				FECEADBB1A40313500510884 /* SDFiveDayForecastTests.m */,
				FECEADB91A40313500510884 /* Supporting Files */,
			);
			path = SDFiveDayForecastTests;
			sourceTree = "<group>";
		};
		FECEADB91A40313500510884 /* Supporting Files */ = {
			isa = PBXGroup;
			children = (
				FECEADBA1A40313500510884 /* Info.plist */,
			);
			name = "Supporting Files";
			sourceTree = "<group>";
		};
		FECEADC51A40352C00510884 /* AFNetworking */ = {
			isa = PBXGroup;
			children = (
				FECEADC61A40352C00510884 /* AFHTTPRequestOperation.h */,
				FECEADC71A40352C00510884 /* AFHTTPRequestOperation.m */,
				FECEADC81A40352C00510884 /* AFHTTPRequestOperationManager.h */,
				FECEADC91A40352C00510884 /* AFHTTPRequestOperationManager.m */,
				FECEADCA1A40352C00510884 /* AFHTTPSessionManager.h */,
				FECEADCB1A40352C00510884 /* AFHTTPSessionManager.m */,
				FECEADCC1A40352C00510884 /* AFNetworking.h */,
				FECEADCD1A40352C00510884 /* AFNetworkReachabilityManager.h */,
				FECEADCE1A40352C00510884 /* AFNetworkReachabilityManager.m */,
				FECEADCF1A40352C00510884 /* AFSecurityPolicy.h */,
				FECEADD01A40352C00510884 /* AFSecurityPolicy.m */,
				FECEADD11A40352C00510884 /* AFURLConnectionOperation.h */,
				FECEADD21A40352C00510884 /* AFURLConnectionOperation.m */,
				FECEADD31A40352C00510884 /* AFURLRequestSerialization.h */,
				FECEADD41A40352C00510884 /* AFURLRequestSerialization.m */,
				FECEADD51A40352C00510884 /* AFURLResponseSerialization.h */,
				FECEADD61A40352C00510884 /* AFURLResponseSerialization.m */,
				FECEADD71A40352C00510884 /* AFURLSessionManager.h */,
				FECEADD81A40352C00510884 /* AFURLSessionManager.m */,
			);
			path = AFNetworking;
			sourceTree = "<group>";
		};
/* End PBXGroup section */

/* Begin PBXNativeTarget section */
		FECEAD9B1A40313400510884 /* SDFiveDayForecast */ = {
			isa = PBXNativeTarget;
			buildConfigurationList = FECEADBF1A40313500510884 /* Build configuration list for PBXNativeTarget "SDFiveDayForecast" */;
			buildPhases = (
				FECEAD981A40313400510884 /* Sources */,
				FECEAD991A40313400510884 /* Frameworks */,
				FECEAD9A1A40313400510884 /* Resources */,
			);
			buildRules = (
			);
			dependencies = (
			);
			name = SDFiveDayForecast;
			productName = SDFiveDayForecast;
			productReference = FECEAD9C1A40313400510884 /* SDFiveDayForecast.app */;
			productType = "com.apple.product-type.application";
		};
		FECEADB41A40313500510884 /* SDFiveDayForecastTests */ = {
			isa = PBXNativeTarget;
			buildConfigurationList = FECEADC21A40313500510884 /* Build configuration list for PBXNativeTarget "SDFiveDayForecastTests" */;
			buildPhases = (
				FECEADB11A40313500510884 /* Sources */,
				FECEADB21A40313500510884 /* Frameworks */,
				FECEADB31A40313500510884 /* Resources */,
			);
			buildRules = (
			);
			dependencies = (
				FECEADB71A40313500510884 /* PBXTargetDependency */,
			);
			name = SDFiveDayForecastTests;
			productName = SDFiveDayForecastTests;
			productReference = FECEADB51A40313500510884 /* SDFiveDayForecastTests.xctest */;
			productType = "com.apple.product-type.bundle.unit-test";
		};
/* End PBXNativeTarget section */

/* Begin PBXProject section */
		FECEAD941A40313400510884 /* Project object */ = {
			isa = PBXProject;
			attributes = {
				LastUpgradeCheck = 0610;
				ORGANIZATIONNAME = "shay deacy";
				TargetAttributes = {
					FECEAD9B1A40313400510884 = {
						CreatedOnToolsVersion = 6.1.1;
					};
					FECEADB41A40313500510884 = {
						CreatedOnToolsVersion = 6.1.1;
						TestTargetID = FECEAD9B1A40313400510884;
					};
				};
			};
			buildConfigurationList = FECEAD971A40313400510884 /* Build configuration list for PBXProject "SDFiveDayForecast" */;
			compatibilityVersion = "Xcode 3.2";
			developmentRegion = English;
			hasScannedForEncodings = 0;
			knownRegions = (
				en,
				Base,
			);
			mainGroup = FECEAD931A40313400510884;
			productRefGroup = FECEAD9D1A40313400510884 /* Products */;
			projectDirPath = "";
			projectRoot = "";
			targets = (
				FECEAD9B1A40313400510884 /* SDFiveDayForecast */,
				FECEADB41A40313500510884 /* SDFiveDayForecastTests */,
			);
		};
/* End PBXProject section */

/* Begin PBXResourcesBuildPhase section */
		FECEAD9A1A40313400510884 /* Resources */ = {
			isa = PBXResourcesBuildPhase;
			buildActionMask = 2147483647;
			files = (
				FECC6B941A55CE8B003B6EB3 /* toolbar_find.png in Resources */,
				FECEADAB1A40313500510884 /* Main.storyboard in Resources */,
				FECC6B981A5739EC003B6EB3 /* dublin-rain.jpeg in Resources */,
				FECEADB01A40313500510884 /* LaunchScreen.xib in Resources */,
				FECEADAD1A40313500510884 /* Images.xcassets in Resources */,
				FECEAE181A40D32D00510884 /* clouds.png in Resources */,
				FECC6B9A1A573B98003B6EB3 /* brown-blue-clouds.jpeg in Resources */,
				FECC6B961A57383E003B6EB3 /* dublin-bridge2.jpg in Resources */,
			);
			runOnlyForDeploymentPostprocessing = 0;
		};
		FECEADB31A40313500510884 /* Resources */ = {
			isa = PBXResourcesBuildPhase;
			buildActionMask = 2147483647;
			files = (
			);
			runOnlyForDeploymentPostprocessing = 0;
		};
/* End PBXResourcesBuildPhase section */

/* Begin PBXSourcesBuildPhase section */
		FECEAD981A40313400510884 /* Sources */ = {
			isa = PBXSourcesBuildPhase;
			buildActionMask = 2147483647;
			files = (
				FECEADD91A40352C00510884 /* AFHTTPRequestOperation.m in Sources */,
				FECEADA81A40313400510884 /* ViewController.m in Sources */,
				FECEADDA1A40352C00510884 /* AFHTTPRequestOperationManager.m in Sources */,
				FECEADDC1A40352C00510884 /* AFNetworkReachabilityManager.m in Sources */,
				FE1F53CB1A51754B001925D1 /* SDCityWeatherData.m in Sources */,
				FECEADE01A40352C00510884 /* AFURLResponseSerialization.m in Sources */,
				FECEADDE1A40352C00510884 /* AFURLConnectionOperation.m in Sources */,
				FECEADE41A40392700510884 /* DayForecastTableViewCell.m in Sources */,
				FECEADDD1A40352C00510884 /* AFSecurityPolicy.m in Sources */,
				FECEADDB1A40352C00510884 /* AFHTTPSessionManager.m in Sources */,
				FECEADDF1A40352C00510884 /* AFURLRequestSerialization.m in Sources */,
				FECEADE11A40352C00510884 /* AFURLSessionManager.m in Sources */,
				FECEADA51A40313400510884 /* AppDelegate.m in Sources */,
				FECC6B921A547123003B6EB3 /* rootViewController.m in Sources */,
				FECEADA21A40313400510884 /* main.m in Sources */,
			);
			runOnlyForDeploymentPostprocessing = 0;
		};
		FECEADB11A40313500510884 /* Sources */ = {
			isa = PBXSourcesBuildPhase;
			buildActionMask = 2147483647;
			files = (
				FECEADBC1A40313500510884 /* SDFiveDayForecastTests.m in Sources */,
			);
			runOnlyForDeploymentPostprocessing = 0;
		};
/* End PBXSourcesBuildPhase section */

/* Begin PBXTargetDependency section */
		FECEADB71A40313500510884 /* PBXTargetDependency */ = {
			isa = PBXTargetDependency;
			target = FECEAD9B1A40313400510884 /* SDFiveDayForecast */;
			targetProxy = FECEADB61A40313500510884 /* PBXContainerItemProxy */;
		};
/* End PBXTargetDependency section */

/* Begin PBXVariantGroup section */
		FECEADA91A40313500510884 /* Main.storyboard */ = {
			isa = PBXVariantGroup;
			children = (
				FECEADAA1A40313500510884 /* Base */,
			);
			name = Main.storyboard;
			sourceTree = "<group>";
		};
		FECEADAE1A40313500510884 /* LaunchScreen.xib */ = {
			isa = PBXVariantGroup;
			children = (
				FECEADAF1A40313500510884 /* Base */,
			);
			name = LaunchScreen.xib;
			sourceTree = "<group>";
		};
/* End PBXVariantGroup section */

/* Begin XCBuildConfiguration section */
		FECEADBD1A40313500510884 /* Debug */ = {
			isa = XCBuildConfiguration;
			buildSettings = {
				ALWAYS_SEARCH_USER_PATHS = NO;
				CLANG_CXX_LANGUAGE_STANDARD = "gnu++0x";
				CLANG_CXX_LIBRARY = "libc++";
				CLANG_ENABLE_MODULES = YES;
				CLANG_ENABLE_OBJC_ARC = YES;
				CLANG_WARN_BOOL_CONVERSION = YES;
				CLANG_WARN_CONSTANT_CONVERSION = YES;
				CLANG_WARN_DIRECT_OBJC_ISA_USAGE = YES_ERROR;
				CLANG_WARN_EMPTY_BODY = YES;
				CLANG_WARN_ENUM_CONVERSION = YES;
				CLANG_WARN_INT_CONVERSION = YES;
				CLANG_WARN_OBJC_ROOT_CLASS = YES_ERROR;
				CLANG_WARN_UNREACHABLE_CODE = YES;
				CLANG_WARN__DUPLICATE_METHOD_MATCH = YES;
				"CODE_SIGN_IDENTITY[sdk=iphoneos*]" = "iPhone Developer";
				COPY_PHASE_STRIP = NO;
				ENABLE_STRICT_OBJC_MSGSEND = YES;
				GCC_C_LANGUAGE_STANDARD = gnu99;
				GCC_DYNAMIC_NO_PIC = NO;
				GCC_OPTIMIZATION_LEVEL = 0;
				GCC_PREPROCESSOR_DEFINITIONS = (
					"DEBUG=1",
					"$(inherited)",
				);
				GCC_SYMBOLS_PRIVATE_EXTERN = NO;
				GCC_WARN_64_TO_32_BIT_CONVERSION = YES;
				GCC_WARN_ABOUT_RETURN_TYPE = YES_ERROR;
				GCC_WARN_UNDECLARED_SELECTOR = YES;
				GCC_WARN_UNINITIALIZED_AUTOS = YES_AGGRESSIVE;
				GCC_WARN_UNUSED_FUNCTION = YES;
				GCC_WARN_UNUSED_VARIABLE = YES;
				IPHONEOS_DEPLOYMENT_TARGET = 8.1;
				MTL_ENABLE_DEBUG_INFO = YES;
				ONLY_ACTIVE_ARCH = YES;
				SDKROOT = iphoneos;
			};
			name = Debug;
		};
		FECEADBE1A40313500510884 /* Release */ = {
			isa = XCBuildConfiguration;
			buildSettings = {
				ALWAYS_SEARCH_USER_PATHS = NO;
				CLANG_CXX_LANGUAGE_STANDARD = "gnu++0x";
				CLANG_CXX_LIBRARY = "libc++";
				CLANG_ENABLE_MODULES = YES;
				CLANG_ENABLE_OBJC_ARC = YES;
				CLANG_WARN_BOOL_CONVERSION = YES;
				CLANG_WARN_CONSTANT_CONVERSION = YES;
				CLANG_WARN_DIRECT_OBJC_ISA_USAGE = YES_ERROR;
				CLANG_WARN_EMPTY_BODY = YES;
				CLANG_WARN_ENUM_CONVERSION = YES;
				CLANG_WARN_INT_CONVERSION = YES;
				CLANG_WARN_OBJC_ROOT_CLASS = YES_ERROR;
				CLANG_WARN_UNREACHABLE_CODE = YES;
				CLANG_WARN__DUPLICATE_METHOD_MATCH = YES;
				"CODE_SIGN_IDENTITY[sdk=iphoneos*]" = "iPhone Developer";
				COPY_PHASE_STRIP = YES;
				ENABLE_NS_ASSERTIONS = NO;
				ENABLE_STRICT_OBJC_MSGSEND = YES;
				GCC_C_LANGUAGE_STANDARD = gnu99;
				GCC_WARN_64_TO_32_BIT_CONVERSION = YES;
				GCC_WARN_ABOUT_RETURN_TYPE = YES_ERROR;
				GCC_WARN_UNDECLARED_SELECTOR = YES;
				GCC_WARN_UNINITIALIZED_AUTOS = YES_AGGRESSIVE;
				GCC_WARN_UNUSED_FUNCTION = YES;
				GCC_WARN_UNUSED_VARIABLE = YES;
				IPHONEOS_DEPLOYMENT_TARGET = 8.1;
				MTL_ENABLE_DEBUG_INFO = NO;
				SDKROOT = iphoneos;
				VALIDATE_PRODUCT = YES;
			};
			name = Release;
		};
		FECEADC01A40313500510884 /* Debug */ = {
			isa = XCBuildConfiguration;
			buildSettings = {
				ASSETCATALOG_COMPILER_APPICON_NAME = AppIcon;
				INFOPLIST_FILE = SDFiveDayForecast/Info.plist;
				LD_RUNPATH_SEARCH_PATHS = "$(inherited) @executable_path/Frameworks";
				PRODUCT_NAME = "$(TARGET_NAME)";
			};
			name = Debug;
		};
		FECEADC11A40313500510884 /* Release */ = {
			isa = XCBuildConfiguration;
			buildSettings = {
				ASSETCATALOG_COMPILER_APPICON_NAME = AppIcon;
				INFOPLIST_FILE = SDFiveDayForecast/Info.plist;
				LD_RUNPATH_SEARCH_PATHS = "$(inherited) @executable_path/Frameworks";
				PRODUCT_NAME = "$(TARGET_NAME)";
			};
			name = Release;
		};
		FECEADC31A40313500510884 /* Debug */ = {
			isa = XCBuildConfiguration;
			buildSettings = {
				BUNDLE_LOADER = "$(TEST_HOST)";
				FRAMEWORK_SEARCH_PATHS = (
					"$(SDKROOT)/Developer/Library/Frameworks",
					"$(inherited)",
				);
				GCC_PREPROCESSOR_DEFINITIONS = (
					"DEBUG=1",
					"$(inherited)",
				);
				INFOPLIST_FILE = SDFiveDayForecastTests/Info.plist;
				LD_RUNPATH_SEARCH_PATHS = "$(inherited) @executable_path/Frameworks @loader_path/Frameworks";
				PRODUCT_NAME = "$(TARGET_NAME)";
				TEST_HOST = "$(BUILT_PRODUCTS_DIR)/SDFiveDayForecast.app/SDFiveDayForecast";
			};
			name = Debug;
		};
		FECEADC41A40313500510884 /* Release */ = {
			isa = XCBuildConfiguration;
			buildSettings = {
				BUNDLE_LOADER = "$(TEST_HOST)";
				FRAMEWORK_SEARCH_PATHS = (
					"$(SDKROOT)/Developer/Library/Frameworks",
					"$(inherited)",
				);
				INFOPLIST_FILE = SDFiveDayForecastTests/Info.plist;
				LD_RUNPATH_SEARCH_PATHS = "$(inherited) @executable_path/Frameworks @loader_path/Frameworks";
				PRODUCT_NAME = "$(TARGET_NAME)";
				TEST_HOST = "$(BUILT_PRODUCTS_DIR)/SDFiveDayForecast.app/SDFiveDayForecast";
			};
			name = Release;
		};
/* End XCBuildConfiguration section */

/* Begin XCConfigurationList section */
		FECEAD971A40313400510884 /* Build configuration list for PBXProject "SDFiveDayForecast" */ = {
			isa = XCConfigurationList;
			buildConfigurations = (
				FECEADBD1A40313500510884 /* Debug */,
				FECEADBE1A40313500510884 /* Release */,
			);
			defaultConfigurationIsVisible = 0;
			defaultConfigurationName = Release;
		};
		FECEADBF1A40313500510884 /* Build configuration list for PBXNativeTarget "SDFiveDayForecast" */ = {
			isa = XCConfigurationList;
			buildConfigurations = (
				FECEADC01A40313500510884 /* Debug */,
				FECEADC11A40313500510884 /* Release */,
			);
			defaultConfigurationIsVisible = 0;
			defaultConfigurationName = Release;
		};
		FECEADC21A40313500510884 /* Build configuration list for PBXNativeTarget "SDFiveDayForecastTests" */ = {
			isa = XCConfigurationList;
			buildConfigurations = (
				FECEADC31A40313500510884 /* Debug */,
				FECEADC41A40313500510884 /* Release */,
			);
			defaultConfigurationIsVisible = 0;
			defaultConfigurationName = Release;
		};
/* End XCConfigurationList section */
	};
	rootObject = FECEAD941A40313400510884 /* Project object */;
}
